
Microsoft Visual Studio Solution File, Format Version 12.00
# Visual Studio Version 17
VisualStudioVersion = 17.8.34511.84
MinimumVisualStudioVersion = 10.0.40219.1
Project("{9A19103F-16F7-4668-BE54-9A1E7A4F7556}") = "GeekShopping.Web", "FrontEnd\GeekShopping.Web\GeekShopping.Web.csproj", "{5982EE1C-6DFF-4823-805E-213C83EFCC7F}"
EndProject
Project("{9A19103F-16F7-4668-BE54-9A1E7A4F7556}") = "GeekShopping.API", "Services\GeekShopping.API\GeekShopping.API.csproj", "{4629823C-5F8B-413C-B145-E2C833D05107}"
EndProject
Global
	GlobalSection(SolutionConfigurationPlatforms) = preSolution
		Debug|Any CPU = Debug|Any CPU
		Release|Any CPU = Release|Any CPU
	EndGlobalSection
	GlobalSection(ProjectConfigurationPlatforms) = postSolution
		{5982EE1C-6DFF-4823-805E-213C83EFCC7F}.Debug|Any CPU.ActiveCfg = Debug|Any CPU
		{5982EE1C-6DFF-4823-805E-213C83EFCC7F}.Debug|Any CPU.Build.0 = Debug|Any CPU
		{5982EE1C-6DFF-4823-805E-213C83EFCC7F}.Release|Any CPU.ActiveCfg = Release|Any CPU
		{5982EE1C-6DFF-4823-805E-213C83EFCC7F}.Release|Any CPU.Build.0 = Release|Any CPU
		{4629823C-5F8B-413C-B145-E2C833D05107}.Debug|Any CPU.ActiveCfg = Debug|Any CPU
		{4629823C-5F8B-413C-B145-E2C833D05107}.Debug|Any CPU.Build.0 = Debug|Any CPU
		{4629823C-5F8B-413C-B145-E2C833D05107}.Release|Any CPU.ActiveCfg = Release|Any CPU
		{4629823C-5F8B-413C-B145-E2C833D05107}.Release|Any CPU.Build.0 = Release|Any CPU
	EndGlobalSection
	GlobalSection(SolutionProperties) = preSolution
		HideSolutionNode = FALSE
	EndGlobalSection
	GlobalSection(ExtensibilityGlobals) = postSolution
		SolutionGuid = {44C41D99-2BFF-4A9F-AD8C-04B6125332EC}
	EndGlobalSection
EndGlobal
